{
  "requires": true,
  "lockfileVersion": 1,
  "dependencies": {
    "zustand": {
      "version": "3.5.2",
      "resolved": "https://registry.npmjs.org/zustand/-/zustand-3.5.2.tgz",
      "integrity": "sha512-HUCQI9O77/D/zvoWPNv4dwLriiiY2xtEqnQ0TVY8uaPjmOHls04Okd0w3sWUE9Ex2LaYlSk11DbPPIOZ6shEWg=="
    }
  }
}
